{
  "name": "sciotta.design",
  "version": "1.0.0",
  "lockfileVersion": 1,
  "requires": true,
  "dependencies": {
    "circular-std": {
      "version": "1.0.3",
      "resolved": "https://registry.npmjs.org/circular-std/-/circular-std-1.0.3.tgz",
      "integrity": "sha512-GV4DJpJTfW+I/Fh7N/kjlQVxFp2P4tkJtBBBhaWuO5o7exEpvReOilcWwkmFjonhOKPR5HAZAV0zUNMT6KxdQQ=="
    }
  }
}
